
Microsoft Visual Studio Solution File, Format Version 12.00
# Visual Studio Version 16
VisualStudioVersion = 16.0.29123.88
MinimumVisualStudioVersion = 10.0.40219.1
Project("{FAE04EC0-301F-11D3-BF4B-00C04F79EFBC}") = "ZerowasteRecipe", "ZerowasteRecipe\ZerowasteRecipe.csproj", "{7267C9DA-560F-4116-ADAF-BEEEC11E59BA}"
EndProject
Global
	GlobalSection(SolutionConfigurationPlatforms) = preSolution
		Debug|Any CPU = Debug|Any CPU
		Release|Any CPU = Release|Any CPU
	EndGlobalSection
	GlobalSection(ProjectConfigurationPlatforms) = postSolution
		{7267C9DA-560F-4116-ADAF-BEEEC11E59BA}.Debug|Any CPU.ActiveCfg = Debug|Any CPU
		{7267C9DA-560F-4116-ADAF-BEEEC11E59BA}.Debug|Any CPU.Build.0 = Debug|Any CPU
		{7267C9DA-560F-4116-ADAF-BEEEC11E59BA}.Release|Any CPU.ActiveCfg = Release|Any CPU
		{7267C9DA-560F-4116-ADAF-BEEEC11E59BA}.Release|Any CPU.Build.0 = Release|Any CPU
	EndGlobalSection
	GlobalSection(SolutionProperties) = preSolution
		HideSolutionNode = FALSE
	EndGlobalSection
	GlobalSection(ExtensibilityGlobals) = postSolution
		SolutionGuid = {6319BEF3-58A5-4B96-AE01-0A74A1B07466}
	EndGlobalSection
EndGlobal
